// !$*UTF8*$!
{
	archiveVersion = 1;
	classes = {
	};
	objectVersion = 46;
	objects = {

/* Begin PBXBuildFile section */
		03BEC99B1DF928CB007ACA5A /* AppDelegate.swift in Sources */ = {isa = PBXBuildFile; fileRef = 03BEC99A1DF928CB007ACA5A /* AppDelegate.swift */; };
		03BEC99D1DF928CB007ACA5A /* ViewController.swift in Sources */ = {isa = PBXBuildFile; fileRef = 03BEC99C1DF928CB007ACA5A /* ViewController.swift */; };
		03BEC9A01DF928CB007ACA5A /* Main.storyboard in Resources */ = {isa = PBXBuildFile; fileRef = 03BEC99E1DF928CB007ACA5A /* Main.storyboard */; };
		03BEC9A21DF928CB007ACA5A /* Assets.xcassets in Resources */ = {isa = PBXBuildFile; fileRef = 03BEC9A11DF928CB007ACA5A /* Assets.xcassets */; };
		03BEC9A51DF928CB007ACA5A /* LaunchScreen.storyboard in Resources */ = {isa = PBXBuildFile; fileRef = 03BEC9A31DF928CB007ACA5A /* LaunchScreen.storyboard */; };
		03BEC9AD1DF92D25007ACA5A /* PopoverPresenter.swift in Sources */ = {isa = PBXBuildFile; fileRef = 03BEC9AC1DF92D25007ACA5A /* PopoverPresenter.swift */; };
/* End PBXBuildFile section */

/* Begin PBXFileReference section */
		03BEC9971DF928CB007ACA5A /* PopoverPresenter.app */ = {isa = PBXFileReference; explicitFileType = wrapper.application; includeInIndex = 0; path = PopoverPresenter.app; sourceTree = BUILT_PRODUCTS_DIR; };
		03BEC99A1DF928CB007ACA5A /* AppDelegate.swift */ = {isa = PBXFileReference; lastKnownFileType = sourcecode.swift; path = AppDelegate.swift; sourceTree = "<group>"; };
		03BEC99C1DF928CB007ACA5A /* ViewController.swift */ = {isa = PBXFileReference; lastKnownFileType = sourcecode.swift; path = ViewController.swift; sourceTree = "<group>"; };
		03BEC99F1DF928CB007ACA5A /* Base */ = {isa = PBXFileReference; lastKnownFileType = file.storyboard; name = Base; path = Base.lproj/Main.storyboard; sourceTree = "<group>"; };
		03BEC9A11DF928CB007ACA5A /* Assets.xcassets */ = {isa = PBXFileReference; lastKnownFileType = folder.assetcatalog; path = Assets.xcassets; sourceTree = "<group>"; };
		03BEC9A41DF928CB007ACA5A /* Base */ = {isa = PBXFileReference; lastKnownFileType = file.storyboard; name = Base; path = Base.lproj/LaunchScreen.storyboard; sourceTree = "<group>"; };
		03BEC9A61DF928CB007ACA5A /* Info.plist */ = {isa = PBXFileReference; lastKnownFileType = text.plist.xml; path = Info.plist; sourceTree = "<group>"; };
		03BEC9AC1DF92D25007ACA5A /* PopoverPresenter.swift */ = {isa = PBXFileReference; fileEncoding = 4; lastKnownFileType = sourcecode.swift; path = PopoverPresenter.swift; sourceTree = "<group>"; };
/* End PBXFileReference section */

/* Begin PBXFrameworksBuildPhase section */
		03BEC9941DF928CA007ACA5A /* Frameworks */ = {
			isa = PBXFrameworksBuildPhase;
			buildActionMask = 2147483647;
			files = (
			);
			runOnlyForDeploymentPostprocessing = 0;
		};
/* End PBXFrameworksBuildPhase section */

/* Begin PBXGroup section */
		03BEC98E1DF928CA007ACA5A = {
			isa = PBXGroup;
			children = (
				03BEC9991DF928CB007ACA5A /* PopoverPresenter */,
				03BEC9981DF928CB007ACA5A /* Products */,
			);
			sourceTree = "<group>";
		};
		03BEC9981DF928CB007ACA5A /* Products */ = {
			isa = PBXGroup;
			children = (
				03BEC9971DF928CB007ACA5A /* PopoverPresenter.app */,
			);
			name = Products;
			sourceTree = "<group>";
		};
		03BEC9991DF928CB007ACA5A /* PopoverPresenter */ = {
			isa = PBXGroup;
			children = (
				03BEC99A1DF928CB007ACA5A /* AppDelegate.swift */,
				03BEC99C1DF928CB007ACA5A /* ViewController.swift */,
				03BEC9AC1DF92D25007ACA5A /* PopoverPresenter.swift */,
				03BEC99E1DF928CB007ACA5A /* Main.storyboard */,
				03BEC9A11DF928CB007ACA5A /* Assets.xcassets */,
				03BEC9A31DF928CB007ACA5A /* LaunchScreen.storyboard */,
				03BEC9A61DF928CB007ACA5A /* Info.plist */,
			);
			path = PopoverPresenter;
			sourceTree = "<group>";
		};
/* End PBXGroup section */

/* Begin PBXNativeTarget section */
		03BEC9961DF928CA007ACA5A /* PopoverPresenter */ = {
			isa = PBXNativeTarget;
			buildConfigurationList = 03BEC9A91DF928CB007ACA5A /* Build configuration list for PBXNativeTarget "PopoverPresenter" */;
			buildPhases = (
				03BEC9931DF928CA007ACA5A /* Sources */,
				03BEC9941DF928CA007ACA5A /* Frameworks */,
				03BEC9951DF928CA007ACA5A /* Resources */,
			);
			buildRules = (
			);
			dependencies = (
			);
			name = PopoverPresenter;
			productName = PopoverPresenter;
			productReference = 03BEC9971DF928CB007ACA5A /* PopoverPresenter.app */;
			productType = "com.apple.product-type.application";
		};
/* End PBXNativeTarget section */

/* Begin PBXProject section */
		03BEC98F1DF928CA007ACA5A /* Project object */ = {
			isa = PBXProject;
			attributes = {
				LastSwiftUpdateCheck = 0810;
				LastUpgradeCheck = 0810;
				ORGANIZATIONNAME = EExT;
				TargetAttributes = {
					03BEC9961DF928CA007ACA5A = {
						CreatedOnToolsVersion = 8.1;
						ProvisioningStyle = Automatic;
					};
				};
			};
			buildConfigurationList = 03BEC9921DF928CA007ACA5A /* Build configuration list for PBXProject "PopoverPresenter" */;
			compatibilityVersion = "Xcode 3.2";
			developmentRegion = English;
			hasScannedForEncodings = 0;
			knownRegions = (
				en,
				Base,
			);
			mainGroup = 03BEC98E1DF928CA007ACA5A;
			productRefGroup = 03BEC9981DF928CB007ACA5A /* Products */;
			projectDirPath = "";
			projectRoot = "";
			targets = (
				03BEC9961DF928CA007ACA5A /* PopoverPresenter */,
			);
		};
/* End PBXProject section */

/* Begin PBXResourcesBuildPhase section */
		03BEC9951DF928CA007ACA5A /* Resources */ = {
			isa = PBXResourcesBuildPhase;
			buildActionMask = 2147483647;
			files = (
				03BEC9A51DF928CB007ACA5A /* LaunchScreen.storyboard in Resources */,
				03BEC9A21DF928CB007ACA5A /* Assets.xcassets in Resources */,
				03BEC9A01DF928CB007ACA5A /* Main.storyboard in Resources */,
			);
			runOnlyForDeploymentPostprocessing = 0;
		};
/* End PBXResourcesBuildPhase section */

/* Begin PBXSourcesBuildPhase section */
		03BEC9931DF928CA007ACA5A /* Sources */ = {
			isa = PBXSourcesBuildPhase;
			buildActionMask = 2147483647;
			files = (
				03BEC9AD1DF92D25007ACA5A /* PopoverPresenter.swift in Sources */,
				03BEC99D1DF928CB007ACA5A /* ViewController.swift in Sources */,
				03BEC99B1DF928CB007ACA5A /* AppDelegate.swift in Sources */,
			);
			runOnlyForDeploymentPostprocessing = 0;
		};
/* End PBXSourcesBuildPhase section */

/* Begin PBXVariantGroup section */
		03BEC99E1DF928CB007ACA5A /* Main.storyboard */ = {
			isa = PBXVariantGroup;
			children = (
				03BEC99F1DF928CB007ACA5A /* Base */,
			);
			name = Main.storyboard;
			sourceTree = "<group>";
		};
		03BEC9A31DF928CB007ACA5A /* LaunchScreen.storyboard */ = {
			isa = PBXVariantGroup;
			children = (
				03BEC9A41DF928CB007ACA5A /* Base */,
			);
			name = LaunchScreen.storyboard;
			sourceTree = "<group>";
		};
/* End PBXVariantGroup section */

/* Begin XCBuildConfiguration section */
		03BEC9A71DF928CB007ACA5A /* Debug */ = {
			isa = XCBuildConfiguration;
			buildSettings = {
				ALWAYS_SEARCH_USER_PATHS = NO;
				CLANG_ANALYZER_NONNULL = YES;
				CLANG_CXX_LANGUAGE_STANDARD = "gnu++0x";
				CLANG_CXX_LIBRARY = "libc++";
				CLANG_ENABLE_MODULES = YES;
				CLANG_ENABLE_OBJC_ARC = YES;
				CLANG_WARN_BOOL_CONVERSION = YES;
				CLANG_WARN_CONSTANT_CONVERSION = YES;
				CLANG_WARN_DIRECT_OBJC_ISA_USAGE = YES_ERROR;
				CLANG_WARN_DOCUMENTATION_COMMENTS = YES;
				CLANG_WARN_EMPTY_BODY = YES;
				CLANG_WARN_ENUM_CONVERSION = YES;
				CLANG_WARN_INFINITE_RECURSION = YES;
				CLANG_WARN_INT_CONVERSION = YES;
				CLANG_WARN_OBJC_ROOT_CLASS = YES_ERROR;
				CLANG_WARN_SUSPICIOUS_MOVES = YES;
				CLANG_WARN_UNREACHABLE_CODE = YES;
				CLANG_WARN__DUPLICATE_METHOD_MATCH = YES;
				"CODE_SIGN_IDENTITY[sdk=iphoneos*]" = "iPhone Developer";
				COPY_PHASE_STRIP = NO;
				DEBUG_INFORMATION_FORMAT = dwarf;
				ENABLE_STRICT_OBJC_MSGSEND = YES;
				ENABLE_TESTABILITY = YES;
				GCC_C_LANGUAGE_STANDARD = gnu99;
				GCC_DYNAMIC_NO_PIC = NO;
				GCC_NO_COMMON_BLOCKS = YES;
				GCC_OPTIMIZATION_LEVEL = 0;
				GCC_PREPROCESSOR_DEFINITIONS = (
					"DEBUG=1",
					"$(inherited)",
				);
				GCC_WARN_64_TO_32_BIT_CONVERSION = YES;
				GCC_WARN_ABOUT_RETURN_TYPE = YES_ERROR;
				GCC_WARN_UNDECLARED_SELECTOR = YES;
				GCC_WARN_UNINITIALIZED_AUTOS = YES_AGGRESSIVE;
				GCC_WARN_UNUSED_FUNCTION = YES;
				GCC_WARN_UNUSED_VARIABLE = YES;
				IPHONEOS_DEPLOYMENT_TARGET = 10.1;
				MTL_ENABLE_DEBUG_INFO = YES;
				ONLY_ACTIVE_ARCH = YES;
				SDKROOT = iphoneos;
				SWIFT_ACTIVE_COMPILATION_CONDITIONS = DEBUG;
				SWIFT_OPTIMIZATION_LEVEL = "-Onone";
				TARGETED_DEVICE_FAMILY = "1,2";
			};
			name = Debug;
		};
		03BEC9A81DF928CB007ACA5A /* Release */ = {
			isa = XCBuildConfiguration;
			buildSettings = {
				ALWAYS_SEARCH_USER_PATHS = NO;
				CLANG_ANALYZER_NONNULL = YES;
				CLANG_CXX_LANGUAGE_STANDARD = "gnu++0x";
				CLANG_CXX_LIBRARY = "libc++";
				CLANG_ENABLE_MODULES = YES;
				CLANG_ENABLE_OBJC_ARC = YES;
				CLANG_WARN_BOOL_CONVERSION = YES;
				CLANG_WARN_CONSTANT_CONVERSION = YES;
				CLANG_WARN_DIRECT_OBJC_ISA_USAGE = YES_ERROR;
				CLANG_WARN_DOCUMENTATION_COMMENTS = YES;
				CLANG_WARN_EMPTY_BODY = YES;
				CLANG_WARN_ENUM_CONVERSION = YES;
				CLANG_WARN_INFINITE_RECURSION = YES;
				CLANG_WARN_INT_CONVERSION = YES;
				CLANG_WARN_OBJC_ROOT_CLASS = YES_ERROR;
				CLANG_WARN_SUSPICIOUS_MOVES = YES;
				CLANG_WARN_UNREACHABLE_CODE = YES;
				CLANG_WARN__DUPLICATE_METHOD_MATCH = YES;
				"CODE_SIGN_IDENTITY[sdk=iphoneos*]" = "iPhone Developer";
				COPY_PHASE_STRIP = NO;
				DEBUG_INFORMATION_FORMAT = "dwarf-with-dsym";
				ENABLE_NS_ASSERTIONS = NO;
				ENABLE_STRICT_OBJC_MSGSEND = YES;
				GCC_C_LANGUAGE_STANDARD = gnu99;
				GCC_NO_COMMON_BLOCKS = YES;
				GCC_WARN_64_TO_32_BIT_CONVERSION = YES;
				GCC_WARN_ABOUT_RETURN_TYPE = YES_ERROR;
				GCC_WARN_UNDECLARED_SELECTOR = YES;
				GCC_WARN_UNINITIALIZED_AUTOS = YES_AGGRESSIVE;
				GCC_WARN_UNUSED_FUNCTION = YES;
				GCC_WARN_UNUSED_VARIABLE = YES;
				IPHONEOS_DEPLOYMENT_TARGET = 10.1;
				MTL_ENABLE_DEBUG_INFO = NO;
				SDKROOT = iphoneos;
				SWIFT_OPTIMIZATION_LEVEL = "-Owholemodule";
				TARGETED_DEVICE_FAMILY = "1,2";
				VALIDATE_PRODUCT = YES;
			};
			name = Release;
		};
		03BEC9AA1DF928CB007ACA5A /* Debug */ = {
			isa = XCBuildConfiguration;
			buildSettings = {
				ASSETCATALOG_COMPILER_APPICON_NAME = AppIcon;
				INFOPLIST_FILE = PopoverPresenter/Info.plist;
				LD_RUNPATH_SEARCH_PATHS = "$(inherited) @executable_path/Frameworks";
				PRODUCT_BUNDLE_IDENTIFIER = com.eext.PopoverPresenter;
				PRODUCT_NAME = "$(TARGET_NAME)";
				SWIFT_VERSION = 3.0;
			};
			name = Debug;
		};
		03BEC9AB1DF928CB007ACA5A /* Release */ = {
			isa = XCBuildConfiguration;
			buildSettings = {
				ASSETCATALOG_COMPILER_APPICON_NAME = AppIcon;
				INFOPLIST_FILE = PopoverPresenter/Info.plist;
				LD_RUNPATH_SEARCH_PATHS = "$(inherited) @executable_path/Frameworks";
				PRODUCT_BUNDLE_IDENTIFIER = com.eext.PopoverPresenter;
				PRODUCT_NAME = "$(TARGET_NAME)";
				SWIFT_VERSION = 3.0;
			};
			name = Release;
		};
/* End XCBuildConfiguration section */

/* Begin XCConfigurationList section */
		03BEC9921DF928CA007ACA5A /* Build configuration list for PBXProject "PopoverPresenter" */ = {
			isa = XCConfigurationList;
			buildConfigurations = (
				03BEC9A71DF928CB007ACA5A /* Debug */,
				03BEC9A81DF928CB007ACA5A /* Release */,
			);
			defaultConfigurationIsVisible = 0;
			defaultConfigurationName = Release;
		};
		03BEC9A91DF928CB007ACA5A /* Build configuration list for PBXNativeTarget "PopoverPresenter" */ = {
			isa = XCConfigurationList;
			buildConfigurations = (
				03BEC9AA1DF928CB007ACA5A /* Debug */,
				03BEC9AB1DF928CB007ACA5A /* Release */,
			);
			defaultConfigurationIsVisible = 0;
		};
/* End XCConfigurationList section */
	};
	rootObject = 03BEC98F1DF928CA007ACA5A /* Project object */;
}
